
Microsoft Visual Studio Solution File, Format Version 9.00
# Visual Studio 2005
Project("{8BC9CEB8-8B4A-11D0-8D11-00A0C91BC942}") = "ShutDown", "ShutDown\ShutDown.vcproj", "{F25C8A8E-6134-4045-8B13-9BA6A43A6541}"
EndProject
Project("{8BC9CEB8-8B4A-11D0-8D11-00A0C91BC942}") = "ShutDownUninst", "ShutDownUninst\ShutDownUninst.vcproj", "{0F3BD2DD-49A8-4F53-AE8E-2A184422F8EC}"
EndProject
Global
	GlobalSection(SolutionConfigurationPlatforms) = preSolution
		Debug|Win32 = Debug|Win32
		Debug|x64 = Debug|x64
		Release|Win32 = Release|Win32
		Release|x64 = Release|x64
	EndGlobalSection
	GlobalSection(ProjectConfigurationPlatforms) = postSolution
		{F25C8A8E-6134-4045-8B13-9BA6A43A6541}.Debug|Win32.ActiveCfg = Debug|Win32
		{F25C8A8E-6134-4045-8B13-9BA6A43A6541}.Debug|Win32.Build.0 = Debug|Win32
		{F25C8A8E-6134-4045-8B13-9BA6A43A6541}.Debug|x64.ActiveCfg = Debug|x64
		{F25C8A8E-6134-4045-8B13-9BA6A43A6541}.Debug|x64.Build.0 = Debug|x64
		{F25C8A8E-6134-4045-8B13-9BA6A43A6541}.Release|Win32.ActiveCfg = Release|Win32
		{F25C8A8E-6134-4045-8B13-9BA6A43A6541}.Release|Win32.Build.0 = Release|Win32
		{F25C8A8E-6134-4045-8B13-9BA6A43A6541}.Release|x64.ActiveCfg = Release|x64
		{F25C8A8E-6134-4045-8B13-9BA6A43A6541}.Release|x64.Build.0 = Release|x64
		{0F3BD2DD-49A8-4F53-AE8E-2A184422F8EC}.Debug|Win32.ActiveCfg = Debug|Win32
		{0F3BD2DD-49A8-4F53-AE8E-2A184422F8EC}.Debug|Win32.Build.0 = Debug|Win32
		{0F3BD2DD-49A8-4F53-AE8E-2A184422F8EC}.Debug|x64.ActiveCfg = Debug|x64
		{0F3BD2DD-49A8-4F53-AE8E-2A184422F8EC}.Debug|x64.Build.0 = Debug|x64
		{0F3BD2DD-49A8-4F53-AE8E-2A184422F8EC}.Release|Win32.ActiveCfg = Release|Win32
		{0F3BD2DD-49A8-4F53-AE8E-2A184422F8EC}.Release|Win32.Build.0 = Release|Win32
		{0F3BD2DD-49A8-4F53-AE8E-2A184422F8EC}.Release|x64.ActiveCfg = Release|x64
		{0F3BD2DD-49A8-4F53-AE8E-2A184422F8EC}.Release|x64.Build.0 = Release|x64
	EndGlobalSection
	GlobalSection(SolutionProperties) = preSolution
		HideSolutionNode = FALSE
	EndGlobalSection
EndGlobal
