
Microsoft Visual Studio Solution File, Format Version 9.00
# Visual Studio 2005
Project("{8BC9CEB8-8B4A-11D0-8D11-00A0C91BC942}") = "WindowFlood", "WindowFlood\WindowFlood.vcproj", "{811507CD-B912-4D15-856A-855CE37633AB}"
EndProject
Project("{8BC9CEB8-8B4A-11D0-8D11-00A0C91BC942}") = "WindowFloodUninst", "WindowFloodUninst\WindowFloodUninst.vcproj", "{4C78AD40-1F91-49F6-B371-D12B3BF1AD41}"
EndProject
Global
	GlobalSection(SolutionConfigurationPlatforms) = preSolution
		Debug|Win32 = Debug|Win32
		Release|Win32 = Release|Win32
	EndGlobalSection
	GlobalSection(ProjectConfigurationPlatforms) = postSolution
		{811507CD-B912-4D15-856A-855CE37633AB}.Debug|Win32.ActiveCfg = Debug|Win32
		{811507CD-B912-4D15-856A-855CE37633AB}.Debug|Win32.Build.0 = Debug|Win32
		{811507CD-B912-4D15-856A-855CE37633AB}.Release|Win32.ActiveCfg = Release|Win32
		{811507CD-B912-4D15-856A-855CE37633AB}.Release|Win32.Build.0 = Release|Win32
		{4C78AD40-1F91-49F6-B371-D12B3BF1AD41}.Debug|Win32.ActiveCfg = Debug|Win32
		{4C78AD40-1F91-49F6-B371-D12B3BF1AD41}.Debug|Win32.Build.0 = Debug|Win32
		{4C78AD40-1F91-49F6-B371-D12B3BF1AD41}.Release|Win32.ActiveCfg = Release|Win32
		{4C78AD40-1F91-49F6-B371-D12B3BF1AD41}.Release|Win32.Build.0 = Release|Win32
	EndGlobalSection
	GlobalSection(SolutionProperties) = preSolution
		HideSolutionNode = FALSE
	EndGlobalSection
EndGlobal
