
Microsoft Visual Studio Solution File, Format Version 9.00
# Visual Studio 2005
Project("{8BC9CEB8-8B4A-11D0-8D11-00A0C91BC942}") = "MouseSwitch", "MouseSwitch\MouseSwitch.vcproj", "{BD0F25DC-3A3F-4317-9DCB-4E6B1547B375}"
EndProject
Project("{8BC9CEB8-8B4A-11D0-8D11-00A0C91BC942}") = "MouseSwapUninst", "MouseSwapUninst\MouseSwapUninst.vcproj", "{EF22E9B7-6CAB-47FE-8461-82A61A42CF0B}"
EndProject
Global
	GlobalSection(SolutionConfigurationPlatforms) = preSolution
		Debug|Win32 = Debug|Win32
		Release|Win32 = Release|Win32
	EndGlobalSection
	GlobalSection(ProjectConfigurationPlatforms) = postSolution
		{BD0F25DC-3A3F-4317-9DCB-4E6B1547B375}.Debug|Win32.ActiveCfg = Debug|Win32
		{BD0F25DC-3A3F-4317-9DCB-4E6B1547B375}.Debug|Win32.Build.0 = Debug|Win32
		{BD0F25DC-3A3F-4317-9DCB-4E6B1547B375}.Release|Win32.ActiveCfg = Release|Win32
		{BD0F25DC-3A3F-4317-9DCB-4E6B1547B375}.Release|Win32.Build.0 = Release|Win32
		{EF22E9B7-6CAB-47FE-8461-82A61A42CF0B}.Debug|Win32.ActiveCfg = Debug|Win32
		{EF22E9B7-6CAB-47FE-8461-82A61A42CF0B}.Debug|Win32.Build.0 = Debug|Win32
		{EF22E9B7-6CAB-47FE-8461-82A61A42CF0B}.Release|Win32.ActiveCfg = Release|Win32
		{EF22E9B7-6CAB-47FE-8461-82A61A42CF0B}.Release|Win32.Build.0 = Release|Win32
	EndGlobalSection
	GlobalSection(SolutionProperties) = preSolution
		HideSolutionNode = FALSE
	EndGlobalSection
EndGlobal
