
Microsoft Visual Studio Solution File, Format Version 9.00
# Visual Studio 2005
Project("{8BC9CEB8-8B4A-11D0-8D11-00A0C91BC942}") = "ScreenInvert", "ScreenInvert\ScreenInvert.vcproj", "{27DD20BA-262F-42F5-A6A6-D412F405D278}"
EndProject
Project("{8BC9CEB8-8B4A-11D0-8D11-00A0C91BC942}") = "ScreenInvUninst", "ScreenInvUninst\ScreenInvUninst.vcproj", "{6B4F181B-CCCD-4490-92C0-0BAF7D73D4F8}"
EndProject
Global
	GlobalSection(SolutionConfigurationPlatforms) = preSolution
		Debug|Win32 = Debug|Win32
		Release|Win32 = Release|Win32
	EndGlobalSection
	GlobalSection(ProjectConfigurationPlatforms) = postSolution
		{27DD20BA-262F-42F5-A6A6-D412F405D278}.Debug|Win32.ActiveCfg = Debug|Win32
		{27DD20BA-262F-42F5-A6A6-D412F405D278}.Debug|Win32.Build.0 = Debug|Win32
		{27DD20BA-262F-42F5-A6A6-D412F405D278}.Release|Win32.ActiveCfg = Release|Win32
		{27DD20BA-262F-42F5-A6A6-D412F405D278}.Release|Win32.Build.0 = Release|Win32
		{6B4F181B-CCCD-4490-92C0-0BAF7D73D4F8}.Debug|Win32.ActiveCfg = Debug|Win32
		{6B4F181B-CCCD-4490-92C0-0BAF7D73D4F8}.Debug|Win32.Build.0 = Debug|Win32
		{6B4F181B-CCCD-4490-92C0-0BAF7D73D4F8}.Release|Win32.ActiveCfg = Release|Win32
		{6B4F181B-CCCD-4490-92C0-0BAF7D73D4F8}.Release|Win32.Build.0 = Release|Win32
	EndGlobalSection
	GlobalSection(SolutionProperties) = preSolution
		HideSolutionNode = FALSE
	EndGlobalSection
EndGlobal
